
Microsoft Visual Studio Solution File, Format Version 12.00
# Visual Studio 15
VisualStudioVersion = 15.0.27130.2036
MinimumVisualStudioVersion = 10.0.40219.1
Project("{2150E333-8FDC-42A3-9474-1A3956D46DE8}") = "Misc", "Misc", "{E9FD5E14-3B7E-48A3-A886-33992275C95E}"
	ProjectSection(SolutionItems) = preProject
		README.md = README.md
	EndProjectSection
EndProject
Project("{9A19103F-16F7-4668-BE54-9A1E7A4F7556}") = "Celigo.ServiceManager.NetSuite", "Celigo.ServiceManager.NetSuite\src\Celigo.ServiceManager.NetSuite.csproj", "{7927885E-655E-4908-B909-3E1D795E9110}"
EndProject
Project("{9A19103F-16F7-4668-BE54-9A1E7A4F7556}") = "UnitTests", "Celigo.ServiceManager.NetSuite\test\UnitTest\UnitTests.csproj", "{35AB913D-F934-496C-9711-3993DBC2DFCE}"
EndProject
Project("{9A19103F-16F7-4668-BE54-9A1E7A4F7556}") = "Celigo.SuiteTalk.PassportProviders.EnvironmentVariables", "Celigo.SuiteTalk.PassportProviders.EnvironmentVariables\src\Celigo.SuiteTalk.PassportProviders.EnvironmentVariables.csproj", "{6FCB8E3B-0D9F-41E3-9CB3-2F9D060392BB}"
EndProject
Project("{9A19103F-16F7-4668-BE54-9A1E7A4F7556}") = "Celigo.SuiteTalk", "Celigo.SuiteTalk\src\Celigo.SuiteTalk.csproj", "{85EF0E88-2099-44AF-A4B3-C79131BDA92A}"
EndProject
Global
	GlobalSection(SolutionConfigurationPlatforms) = preSolution
		Debug|Any CPU = Debug|Any CPU
		Release|Any CPU = Release|Any CPU
	EndGlobalSection
	GlobalSection(ProjectConfigurationPlatforms) = postSolution
		{7927885E-655E-4908-B909-3E1D795E9110}.Debug|Any CPU.ActiveCfg = Debug|Any CPU
		{7927885E-655E-4908-B909-3E1D795E9110}.Debug|Any CPU.Build.0 = Debug|Any CPU
		{7927885E-655E-4908-B909-3E1D795E9110}.Release|Any CPU.ActiveCfg = Release|Any CPU
		{7927885E-655E-4908-B909-3E1D795E9110}.Release|Any CPU.Build.0 = Release|Any CPU
		{35AB913D-F934-496C-9711-3993DBC2DFCE}.Debug|Any CPU.ActiveCfg = Debug|Any CPU
		{35AB913D-F934-496C-9711-3993DBC2DFCE}.Debug|Any CPU.Build.0 = Debug|Any CPU
		{35AB913D-F934-496C-9711-3993DBC2DFCE}.Release|Any CPU.ActiveCfg = Release|Any CPU
		{35AB913D-F934-496C-9711-3993DBC2DFCE}.Release|Any CPU.Build.0 = Release|Any CPU
		{6FCB8E3B-0D9F-41E3-9CB3-2F9D060392BB}.Debug|Any CPU.ActiveCfg = Debug|Any CPU
		{6FCB8E3B-0D9F-41E3-9CB3-2F9D060392BB}.Debug|Any CPU.Build.0 = Debug|Any CPU
		{6FCB8E3B-0D9F-41E3-9CB3-2F9D060392BB}.Release|Any CPU.ActiveCfg = Release|Any CPU
		{6FCB8E3B-0D9F-41E3-9CB3-2F9D060392BB}.Release|Any CPU.Build.0 = Release|Any CPU
		{85EF0E88-2099-44AF-A4B3-C79131BDA92A}.Debug|Any CPU.ActiveCfg = Debug|Any CPU
		{85EF0E88-2099-44AF-A4B3-C79131BDA92A}.Debug|Any CPU.Build.0 = Debug|Any CPU
		{85EF0E88-2099-44AF-A4B3-C79131BDA92A}.Release|Any CPU.ActiveCfg = Release|Any CPU
		{85EF0E88-2099-44AF-A4B3-C79131BDA92A}.Release|Any CPU.Build.0 = Release|Any CPU
	EndGlobalSection
	GlobalSection(SolutionProperties) = preSolution
		HideSolutionNode = FALSE
	EndGlobalSection
	GlobalSection(ExtensibilityGlobals) = postSolution
		SolutionGuid = {6F748508-F7FF-4F09-B5CC-4DEEE247969C}
	EndGlobalSection
EndGlobal
